
Microsoft Visual Studio Solution File, Format Version 12.00
# Visual Studio Version 17
VisualStudioVersion = 17.7.34031.279
MinimumVisualStudioVersion = 10.0.40219.1
Project("{FAE04EC0-301F-11D3-BF4B-00C04F79EFBC}") = "Meditechnology System", "Meditechnology System\Meditechnology System.csproj", "{CAA72B22-DE33-4476-A239-141261D35142}"
EndProject
Global
	GlobalSection(SolutionConfigurationPlatforms) = preSolution
		Debug|Any CPU = Debug|Any CPU
		Release|Any CPU = Release|Any CPU
	EndGlobalSection
	GlobalSection(ProjectConfigurationPlatforms) = postSolution
		{CAA72B22-DE33-4476-A239-141261D35142}.Debug|Any CPU.ActiveCfg = Debug|Any CPU
		{CAA72B22-DE33-4476-A239-141261D35142}.Debug|Any CPU.Build.0 = Debug|Any CPU
		{CAA72B22-DE33-4476-A239-141261D35142}.Release|Any CPU.ActiveCfg = Release|Any CPU
		{CAA72B22-DE33-4476-A239-141261D35142}.Release|Any CPU.Build.0 = Release|Any CPU
	EndGlobalSection
	GlobalSection(SolutionProperties) = preSolution
		HideSolutionNode = FALSE
	EndGlobalSection
	GlobalSection(ExtensibilityGlobals) = postSolution
		SolutionGuid = {53FDD352-A406-4C3F-8709-5CE503BFDD16}
	EndGlobalSection
EndGlobal
